
Microsoft Visual Studio Solution File, Format Version 12.00
# Visual Studio Version 17
VisualStudioVersion = 17.10.35027.167
MinimumVisualStudioVersion = 10.0.40219.1
Project("{FAE04EC0-301F-11D3-BF4B-00C04F79EFBC}") = "BackendBlogPostSite", "BackendBlogPostSite\BackendBlogPostSite.csproj", "{0818D453-DADD-491D-93B0-1B8A6E361F01}"
EndProject
Global
	GlobalSection(SolutionConfigurationPlatforms) = preSolution
		Debug|Any CPU = Debug|Any CPU
		Release|Any CPU = Release|Any CPU
	EndGlobalSection
	GlobalSection(ProjectConfigurationPlatforms) = postSolution
		{0818D453-DADD-491D-93B0-1B8A6E361F01}.Debug|Any CPU.ActiveCfg = Debug|Any CPU
		{0818D453-DADD-491D-93B0-1B8A6E361F01}.Debug|Any CPU.Build.0 = Debug|Any CPU
		{0818D453-DADD-491D-93B0-1B8A6E361F01}.Release|Any CPU.ActiveCfg = Release|Any CPU
		{0818D453-DADD-491D-93B0-1B8A6E361F01}.Release|Any CPU.Build.0 = Release|Any CPU
	EndGlobalSection
	GlobalSection(SolutionProperties) = preSolution
		HideSolutionNode = FALSE
	EndGlobalSection
	GlobalSection(ExtensibilityGlobals) = postSolution
		SolutionGuid = {EAF103E5-2B51-4C34-BB9D-94DC9FAACFD5}
	EndGlobalSection
EndGlobal
